
Microsoft Visual Studio Solution File, Format Version 12.00
# Visual Studio Version 16
VisualStudioVersion = 16.0.31424.327
MinimumVisualStudioVersion = 10.0.40219.1
Project("{9A19103F-16F7-4668-BE54-9A1E7A4F7556}") = "CS_App", "CS_App\CS_App.csproj", "{03CEEA83-B2C3-4ACB-B68F-700A28BE9C11}"
EndProject
Project("{9A19103F-16F7-4668-BE54-9A1E7A4F7556}") = "CS_App2", "CS_App2\CS_App2.csproj", "{153F24B8-523D-4ED6-BDEC-8F9AD550CBE9}"
EndProject
Project("{2150E333-8FDC-42A3-9474-1A3956D46DE8}") = "Solution Items", "Solution Items", "{2BD04E4C-3370-4C7F-A75C-3E1F40CF8B1A}"
	ProjectSection(SolutionItems) = preProject
		Readme.md = Readme.md
	EndProjectSection
EndProject
Project("{9A19103F-16F7-4668-BE54-9A1E7A4F7556}") = "CS_Discards", "CS_Discards\CS_Discards.csproj", "{FA6DA748-313B-41C4-91D0-63B4BC2CBD16}"
EndProject
Project("{9A19103F-16F7-4668-BE54-9A1E7A4F7556}") = "CS_Deconstructions", "CS_Deconstructions\CS_Deconstructions.csproj", "{7698028E-0E09-4E60-9408-23FEBD3AEA53}"
EndProject
Project("{9A19103F-16F7-4668-BE54-9A1E7A4F7556}") = "CS_Tuples", "CS_Tuples\CS_Tuples.csproj", "{923322C6-DDBD-4331-B4CA-C4C9DB242E91}"
EndProject
Project("{9A19103F-16F7-4668-BE54-9A1E7A4F7556}") = "CS_Patterns", "CS_Patterns\CS_Patterns.csproj", "{AB0748D0-79D1-46B1-9BC0-B938923F83CD}"
EndProject
Project("{9A19103F-16F7-4668-BE54-9A1E7A4F7556}") = "CS_EF_DbFirst", "CS_EF_DbFirst\CS_EF_DbFirst.csproj", "{FFD1ED6C-592B-488D-B637-CBF9D3CED384}"
EndProject
Project("{FAE04EC0-301F-11D3-BF4B-00C04F79EFBC}") = "CS_EF_NetFrwk", "CS_EF_NetFrwk\CS_EF_NetFrwk.csproj", "{A27A6214-7A85-43D3-9160-CB9F3AE7112E}"
EndProject
Project("{9A19103F-16F7-4668-BE54-9A1E7A4F7556}") = "CS_EF_Code_First", "CS_EF_Code_First\CS_EF_Code_First.csproj", "{0938E1A5-F496-4B65-B4A1-8A91D91D12C6}"
EndProject
Project("{9A19103F-16F7-4668-BE54-9A1E7A4F7556}") = "Core_MVC", "Core_MVC\Core_MVC.csproj", "{FA40725B-FC2E-44F0-8F29-DB26A59AA608}"
EndProject
Project("{9A19103F-16F7-4668-BE54-9A1E7A4F7556}") = "CS_API_Client", "CS_API_Client\CS_API_Client.csproj", "{3A959840-5E8E-4CD9-A150-A950284158C1}"
EndProject
Project("{FAE04EC0-301F-11D3-BF4B-00C04F79EFBC}") = "WebForm_Client", "WebForm_Client\WebForm_Client.csproj", "{3C88B437-8A13-48D0-B9DD-1C2F31D2E961}"
EndProject
Project("{9A19103F-16F7-4668-BE54-9A1E7A4F7556}") = "Core_App_Security", "Core_App_Security\Core_App_Security.csproj", "{0B91EE84-BDE4-4770-B64D-1AEB56315BDC}"
EndProject
Global
	GlobalSection(SolutionConfigurationPlatforms) = preSolution
		Debug|Any CPU = Debug|Any CPU
		Release|Any CPU = Release|Any CPU
	EndGlobalSection
	GlobalSection(ProjectConfigurationPlatforms) = postSolution
		{03CEEA83-B2C3-4ACB-B68F-700A28BE9C11}.Debug|Any CPU.ActiveCfg = Debug|Any CPU
		{03CEEA83-B2C3-4ACB-B68F-700A28BE9C11}.Debug|Any CPU.Build.0 = Debug|Any CPU
		{03CEEA83-B2C3-4ACB-B68F-700A28BE9C11}.Release|Any CPU.ActiveCfg = Release|Any CPU
		{03CEEA83-B2C3-4ACB-B68F-700A28BE9C11}.Release|Any CPU.Build.0 = Release|Any CPU
		{153F24B8-523D-4ED6-BDEC-8F9AD550CBE9}.Debug|Any CPU.ActiveCfg = Debug|Any CPU
		{153F24B8-523D-4ED6-BDEC-8F9AD550CBE9}.Debug|Any CPU.Build.0 = Debug|Any CPU
		{153F24B8-523D-4ED6-BDEC-8F9AD550CBE9}.Release|Any CPU.ActiveCfg = Release|Any CPU
		{153F24B8-523D-4ED6-BDEC-8F9AD550CBE9}.Release|Any CPU.Build.0 = Release|Any CPU
		{FA6DA748-313B-41C4-91D0-63B4BC2CBD16}.Debug|Any CPU.ActiveCfg = Debug|Any CPU
		{FA6DA748-313B-41C4-91D0-63B4BC2CBD16}.Debug|Any CPU.Build.0 = Debug|Any CPU
		{FA6DA748-313B-41C4-91D0-63B4BC2CBD16}.Release|Any CPU.ActiveCfg = Release|Any CPU
		{FA6DA748-313B-41C4-91D0-63B4BC2CBD16}.Release|Any CPU.Build.0 = Release|Any CPU
		{7698028E-0E09-4E60-9408-23FEBD3AEA53}.Debug|Any CPU.ActiveCfg = Debug|Any CPU
		{7698028E-0E09-4E60-9408-23FEBD3AEA53}.Debug|Any CPU.Build.0 = Debug|Any CPU
		{7698028E-0E09-4E60-9408-23FEBD3AEA53}.Release|Any CPU.ActiveCfg = Release|Any CPU
		{7698028E-0E09-4E60-9408-23FEBD3AEA53}.Release|Any CPU.Build.0 = Release|Any CPU
		{923322C6-DDBD-4331-B4CA-C4C9DB242E91}.Debug|Any CPU.ActiveCfg = Debug|Any CPU
		{923322C6-DDBD-4331-B4CA-C4C9DB242E91}.Debug|Any CPU.Build.0 = Debug|Any CPU
		{923322C6-DDBD-4331-B4CA-C4C9DB242E91}.Release|Any CPU.ActiveCfg = Release|Any CPU
		{923322C6-DDBD-4331-B4CA-C4C9DB242E91}.Release|Any CPU.Build.0 = Release|Any CPU
		{AB0748D0-79D1-46B1-9BC0-B938923F83CD}.Debug|Any CPU.ActiveCfg = Debug|Any CPU
		{AB0748D0-79D1-46B1-9BC0-B938923F83CD}.Debug|Any CPU.Build.0 = Debug|Any CPU
		{AB0748D0-79D1-46B1-9BC0-B938923F83CD}.Release|Any CPU.ActiveCfg = Release|Any CPU
		{AB0748D0-79D1-46B1-9BC0-B938923F83CD}.Release|Any CPU.Build.0 = Release|Any CPU
		{FFD1ED6C-592B-488D-B637-CBF9D3CED384}.Debug|Any CPU.ActiveCfg = Debug|Any CPU
		{FFD1ED6C-592B-488D-B637-CBF9D3CED384}.Debug|Any CPU.Build.0 = Debug|Any CPU
		{FFD1ED6C-592B-488D-B637-CBF9D3CED384}.Release|Any CPU.ActiveCfg = Release|Any CPU
		{FFD1ED6C-592B-488D-B637-CBF9D3CED384}.Release|Any CPU.Build.0 = Release|Any CPU
		{A27A6214-7A85-43D3-9160-CB9F3AE7112E}.Debug|Any CPU.ActiveCfg = Debug|Any CPU
		{A27A6214-7A85-43D3-9160-CB9F3AE7112E}.Debug|Any CPU.Build.0 = Debug|Any CPU
		{A27A6214-7A85-43D3-9160-CB9F3AE7112E}.Release|Any CPU.ActiveCfg = Release|Any CPU
		{A27A6214-7A85-43D3-9160-CB9F3AE7112E}.Release|Any CPU.Build.0 = Release|Any CPU
		{0938E1A5-F496-4B65-B4A1-8A91D91D12C6}.Debug|Any CPU.ActiveCfg = Debug|Any CPU
		{0938E1A5-F496-4B65-B4A1-8A91D91D12C6}.Debug|Any CPU.Build.0 = Debug|Any CPU
		{0938E1A5-F496-4B65-B4A1-8A91D91D12C6}.Release|Any CPU.ActiveCfg = Release|Any CPU
		{0938E1A5-F496-4B65-B4A1-8A91D91D12C6}.Release|Any CPU.Build.0 = Release|Any CPU
		{FA40725B-FC2E-44F0-8F29-DB26A59AA608}.Debug|Any CPU.ActiveCfg = Debug|Any CPU
		{FA40725B-FC2E-44F0-8F29-DB26A59AA608}.Debug|Any CPU.Build.0 = Debug|Any CPU
		{FA40725B-FC2E-44F0-8F29-DB26A59AA608}.Release|Any CPU.ActiveCfg = Release|Any CPU
		{FA40725B-FC2E-44F0-8F29-DB26A59AA608}.Release|Any CPU.Build.0 = Release|Any CPU
		{3A959840-5E8E-4CD9-A150-A950284158C1}.Debug|Any CPU.ActiveCfg = Debug|Any CPU
		{3A959840-5E8E-4CD9-A150-A950284158C1}.Debug|Any CPU.Build.0 = Debug|Any CPU
		{3A959840-5E8E-4CD9-A150-A950284158C1}.Release|Any CPU.ActiveCfg = Release|Any CPU
		{3A959840-5E8E-4CD9-A150-A950284158C1}.Release|Any CPU.Build.0 = Release|Any CPU
		{3C88B437-8A13-48D0-B9DD-1C2F31D2E961}.Debug|Any CPU.ActiveCfg = Debug|Any CPU
		{3C88B437-8A13-48D0-B9DD-1C2F31D2E961}.Debug|Any CPU.Build.0 = Debug|Any CPU
		{3C88B437-8A13-48D0-B9DD-1C2F31D2E961}.Release|Any CPU.ActiveCfg = Release|Any CPU
		{3C88B437-8A13-48D0-B9DD-1C2F31D2E961}.Release|Any CPU.Build.0 = Release|Any CPU
		{0B91EE84-BDE4-4770-B64D-1AEB56315BDC}.Debug|Any CPU.ActiveCfg = Debug|Any CPU
		{0B91EE84-BDE4-4770-B64D-1AEB56315BDC}.Debug|Any CPU.Build.0 = Debug|Any CPU
		{0B91EE84-BDE4-4770-B64D-1AEB56315BDC}.Release|Any CPU.ActiveCfg = Release|Any CPU
		{0B91EE84-BDE4-4770-B64D-1AEB56315BDC}.Release|Any CPU.Build.0 = Release|Any CPU
	EndGlobalSection
	GlobalSection(SolutionProperties) = preSolution
		HideSolutionNode = FALSE
	EndGlobalSection
	GlobalSection(ExtensibilityGlobals) = postSolution
		SolutionGuid = {C2DAE334-51C3-4F53-9A48-D5B2326278BC}
	EndGlobalSection
EndGlobal
