
Microsoft Visual Studio Solution File, Format Version 12.00
# Visual Studio Version 16
VisualStudioVersion = 16.0.31515.178
MinimumVisualStudioVersion = 10.0.40219.1
Project("{FAE04EC0-301F-11D3-BF4B-00C04F79EFBC}") = "Core_API_AAD", "Core_API_AAD\Core_API_AAD.csproj", "{01D8C2B2-1A6B-4E29-A5F9-3D4C20166539}"
EndProject
Project("{FAE04EC0-301F-11D3-BF4B-00C04F79EFBC}") = "Blazor_WASM_Client_AAD", "Blazor_WASM_Client_AAD\Blazor_WASM_Client_AAD.csproj", "{4F4FE5A9-B815-4A1B-964B-2C7102797F0C}"
EndProject
Global
	GlobalSection(SolutionConfigurationPlatforms) = preSolution
		Debug|Any CPU = Debug|Any CPU
		Release|Any CPU = Release|Any CPU
	EndGlobalSection
	GlobalSection(ProjectConfigurationPlatforms) = postSolution
		{01D8C2B2-1A6B-4E29-A5F9-3D4C20166539}.Debug|Any CPU.ActiveCfg = Debug|Any CPU
		{01D8C2B2-1A6B-4E29-A5F9-3D4C20166539}.Debug|Any CPU.Build.0 = Debug|Any CPU
		{01D8C2B2-1A6B-4E29-A5F9-3D4C20166539}.Release|Any CPU.ActiveCfg = Release|Any CPU
		{01D8C2B2-1A6B-4E29-A5F9-3D4C20166539}.Release|Any CPU.Build.0 = Release|Any CPU
		{4F4FE5A9-B815-4A1B-964B-2C7102797F0C}.Debug|Any CPU.ActiveCfg = Debug|Any CPU
		{4F4FE5A9-B815-4A1B-964B-2C7102797F0C}.Debug|Any CPU.Build.0 = Debug|Any CPU
		{4F4FE5A9-B815-4A1B-964B-2C7102797F0C}.Release|Any CPU.ActiveCfg = Release|Any CPU
		{4F4FE5A9-B815-4A1B-964B-2C7102797F0C}.Release|Any CPU.Build.0 = Release|Any CPU
	EndGlobalSection
	GlobalSection(SolutionProperties) = preSolution
		HideSolutionNode = FALSE
	EndGlobalSection
	GlobalSection(ExtensibilityGlobals) = postSolution
		SolutionGuid = {08B7D1B7-797F-4769-BD83-DDFEB7E58022}
	EndGlobalSection
EndGlobal
